
Microsoft Visual Studio Solution File, Format Version 12.00
# Visual Studio Version 17
VisualStudioVersion = 17.14.36408.4 d17.14
MinimumVisualStudioVersion = 10.0.40219.1
Project("{FAE04EC0-301F-11D3-BF4B-00C04F79EFBC}") = "CascadeWebApp", "CascadeWebApp\CascadeWebApp.csproj", "{1DAA165B-6951-4669-822D-0527BC782645}"
EndProject
Global
	GlobalSection(SolutionConfigurationPlatforms) = preSolution
		Debug|Any CPU = Debug|Any CPU
		Release|Any CPU = Release|Any CPU
	EndGlobalSection
	GlobalSection(ProjectConfigurationPlatforms) = postSolution
		{1DAA165B-6951-4669-822D-0527BC782645}.Debug|Any CPU.ActiveCfg = Debug|Any CPU
		{1DAA165B-6951-4669-822D-0527BC782645}.Debug|Any CPU.Build.0 = Debug|Any CPU
		{1DAA165B-6951-4669-822D-0527BC782645}.Release|Any CPU.ActiveCfg = Release|Any CPU
		{1DAA165B-6951-4669-822D-0527BC782645}.Release|Any CPU.Build.0 = Release|Any CPU
	EndGlobalSection
	GlobalSection(SolutionProperties) = preSolution
		HideSolutionNode = FALSE
	EndGlobalSection
	GlobalSection(ExtensibilityGlobals) = postSolution
		SolutionGuid = {0EF096E9-6BCA-4BFF-8577-6958CF8F8D74}
	EndGlobalSection
EndGlobal
